
Microsoft Visual Studio Solution File, Format Version 12.00
# Visual Studio Version 17
VisualStudioVersion = 17.0.31903.59
MinimumVisualStudioVersion = 10.0.40219.1
Project("{2150E333-8FDC-42A3-9474-1A3956D46DE8}") = "src", "src", "{827E0CD3-B72D-47B6-A68D-7590B98EB39B}"
EndProject
Project("{FAE04EC0-301F-11D3-BF4B-00C04F79EFBC}") = "ScreenRecorder.Core", "src\ScreenRecorder.Core\ScreenRecorder.Core.csproj", "{B3DD8945-BB24-4105-A867-489EE0C30454}"
EndProject
Project("{FAE04EC0-301F-11D3-BF4B-00C04F79EFBC}") = "ScreenRecorder.Infrastructure", "src\ScreenRecorder.Infrastructure\ScreenRecorder.Infrastructure.csproj", "{6EE503A3-6466-4702-9E22-1CE6546A938A}"
EndProject
Project("{FAE04EC0-301F-11D3-BF4B-00C04F79EFBC}") = "ScreenRecorder.Media", "src\ScreenRecorder.Media\ScreenRecorder.Media.csproj", "{A30BF7C4-0D99-4587-BA89-2157DEDC5A71}"
EndProject
Project("{FAE04EC0-301F-11D3-BF4B-00C04F79EFBC}") = "ScreenRecorder.Platform.Windows", "src\ScreenRecorder.Platform.Windows\ScreenRecorder.Platform.Windows.csproj", "{16D70E6F-7833-43BA-B63D-84A56DACDDB4}"
EndProject
Project("{FAE04EC0-301F-11D3-BF4B-00C04F79EFBC}") = "ScreenRecorder.Recorder", "src\ScreenRecorder.Recorder\ScreenRecorder.Recorder.csproj", "{7A8E84A7-14D8-4E80-8687-5966B6791C52}"
EndProject
Project("{FAE04EC0-301F-11D3-BF4B-00C04F79EFBC}") = "ScreenRecorder.UI", "src\ScreenRecorder.UI\ScreenRecorder.UI.csproj", "{3C75FB97-F5A0-4D56-A0F1-324F0D219DB3}"
EndProject
Project("{FAE04EC0-301F-11D3-BF4B-00C04F79EFBC}") = "ScreenRecorder.Core.Tests", "tests\ScreenRecorder.Core.Tests\ScreenRecorder.Core.Tests.csproj", "{EA20D6BB-2983-4C91-B05B-6ECF856AFAF0}"
EndProject
Project("{FAE04EC0-301F-11D3-BF4B-00C04F79EFBC}") = "ScreenRecorder.Media.Tests", "tests\ScreenRecorder.Media.Tests\ScreenRecorder.Media.Tests.csproj", "{A043F05A-9A2A-48B4-8799-3A02A863E938}"
EndProject
Project("{FAE04EC0-301F-11D3-BF4B-00C04F79EFBC}") = "ScreenRecorder.Platform.macOS", "src\ScreenRecorder.Platform.macOS\ScreenRecorder.Platform.macOS.csproj", "{225956DB-6A20-4D06-8557-2B6F19111F54}"
EndProject
Global
	GlobalSection(SolutionConfigurationPlatforms) = preSolution
		Debug|Any CPU = Debug|Any CPU
		Debug|x64 = Debug|x64
		Debug|x86 = Debug|x86
		Release|Any CPU = Release|Any CPU
		Release|x64 = Release|x64
		Release|x86 = Release|x86
	EndGlobalSection
	GlobalSection(ProjectConfigurationPlatforms) = postSolution
		{B3DD8945-BB24-4105-A867-489EE0C30454}.Debug|Any CPU.ActiveCfg = Debug|Any CPU
		{B3DD8945-BB24-4105-A867-489EE0C30454}.Debug|Any CPU.Build.0 = Debug|Any CPU
		{B3DD8945-BB24-4105-A867-489EE0C30454}.Debug|x64.ActiveCfg = Debug|Any CPU
		{B3DD8945-BB24-4105-A867-489EE0C30454}.Debug|x64.Build.0 = Debug|Any CPU
		{B3DD8945-BB24-4105-A867-489EE0C30454}.Debug|x86.ActiveCfg = Debug|Any CPU
		{B3DD8945-BB24-4105-A867-489EE0C30454}.Debug|x86.Build.0 = Debug|Any CPU
		{B3DD8945-BB24-4105-A867-489EE0C30454}.Release|Any CPU.ActiveCfg = Release|Any CPU
		{B3DD8945-BB24-4105-A867-489EE0C30454}.Release|Any CPU.Build.0 = Release|Any CPU
		{B3DD8945-BB24-4105-A867-489EE0C30454}.Release|x64.ActiveCfg = Release|Any CPU
		{B3DD8945-BB24-4105-A867-489EE0C30454}.Release|x64.Build.0 = Release|Any CPU
		{B3DD8945-BB24-4105-A867-489EE0C30454}.Release|x86.ActiveCfg = Release|Any CPU
		{B3DD8945-BB24-4105-A867-489EE0C30454}.Release|x86.Build.0 = Release|Any CPU
		{6EE503A3-6466-4702-9E22-1CE6546A938A}.Debug|Any CPU.ActiveCfg = Debug|Any CPU
		{6EE503A3-6466-4702-9E22-1CE6546A938A}.Debug|Any CPU.Build.0 = Debug|Any CPU
		{6EE503A3-6466-4702-9E22-1CE6546A938A}.Debug|x64.ActiveCfg = Debug|Any CPU
		{6EE503A3-6466-4702-9E22-1CE6546A938A}.Debug|x64.Build.0 = Debug|Any CPU
		{6EE503A3-6466-4702-9E22-1CE6546A938A}.Debug|x86.ActiveCfg = Debug|Any CPU
		{6EE503A3-6466-4702-9E22-1CE6546A938A}.Debug|x86.Build.0 = Debug|Any CPU
		{6EE503A3-6466-4702-9E22-1CE6546A938A}.Release|Any CPU.ActiveCfg = Release|Any CPU
		{6EE503A3-6466-4702-9E22-1CE6546A938A}.Release|Any CPU.Build.0 = Release|Any CPU
		{6EE503A3-6466-4702-9E22-1CE6546A938A}.Release|x64.ActiveCfg = Release|Any CPU
		{6EE503A3-6466-4702-9E22-1CE6546A938A}.Release|x64.Build.0 = Release|Any CPU
		{6EE503A3-6466-4702-9E22-1CE6546A938A}.Release|x86.ActiveCfg = Release|Any CPU
		{6EE503A3-6466-4702-9E22-1CE6546A938A}.Release|x86.Build.0 = Release|Any CPU
		{A30BF7C4-0D99-4587-BA89-2157DEDC5A71}.Debug|Any CPU.ActiveCfg = Debug|Any CPU
		{A30BF7C4-0D99-4587-BA89-2157DEDC5A71}.Debug|Any CPU.Build.0 = Debug|Any CPU
		{A30BF7C4-0D99-4587-BA89-2157DEDC5A71}.Debug|x64.ActiveCfg = Debug|Any CPU
		{A30BF7C4-0D99-4587-BA89-2157DEDC5A71}.Debug|x64.Build.0 = Debug|Any CPU
		{A30BF7C4-0D99-4587-BA89-2157DEDC5A71}.Debug|x86.ActiveCfg = Debug|Any CPU
		{A30BF7C4-0D99-4587-BA89-2157DEDC5A71}.Debug|x86.Build.0 = Debug|Any CPU
		{A30BF7C4-0D99-4587-BA89-2157DEDC5A71}.Release|Any CPU.ActiveCfg = Release|Any CPU
		{A30BF7C4-0D99-4587-BA89-2157DEDC5A71}.Release|Any CPU.Build.0 = Release|Any CPU
		{A30BF7C4-0D99-4587-BA89-2157DEDC5A71}.Release|x64.ActiveCfg = Release|Any CPU
		{A30BF7C4-0D99-4587-BA89-2157DEDC5A71}.Release|x64.Build.0 = Release|Any CPU
		{A30BF7C4-0D99-4587-BA89-2157DEDC5A71}.Release|x86.ActiveCfg = Release|Any CPU
		{A30BF7C4-0D99-4587-BA89-2157DEDC5A71}.Release|x86.Build.0 = Release|Any CPU
		{16D70E6F-7833-43BA-B63D-84A56DACDDB4}.Debug|Any CPU.ActiveCfg = Debug|Any CPU
		{16D70E6F-7833-43BA-B63D-84A56DACDDB4}.Debug|Any CPU.Build.0 = Debug|Any CPU
		{16D70E6F-7833-43BA-B63D-84A56DACDDB4}.Debug|x64.ActiveCfg = Debug|Any CPU
		{16D70E6F-7833-43BA-B63D-84A56DACDDB4}.Debug|x64.Build.0 = Debug|Any CPU
		{16D70E6F-7833-43BA-B63D-84A56DACDDB4}.Debug|x86.ActiveCfg = Debug|Any CPU
		{16D70E6F-7833-43BA-B63D-84A56DACDDB4}.Debug|x86.Build.0 = Debug|Any CPU
		{16D70E6F-7833-43BA-B63D-84A56DACDDB4}.Release|Any CPU.ActiveCfg = Release|Any CPU
		{16D70E6F-7833-43BA-B63D-84A56DACDDB4}.Release|Any CPU.Build.0 = Release|Any CPU
		{16D70E6F-7833-43BA-B63D-84A56DACDDB4}.Release|x64.ActiveCfg = Release|Any CPU
		{16D70E6F-7833-43BA-B63D-84A56DACDDB4}.Release|x64.Build.0 = Release|Any CPU
		{16D70E6F-7833-43BA-B63D-84A56DACDDB4}.Release|x86.ActiveCfg = Release|Any CPU
		{16D70E6F-7833-43BA-B63D-84A56DACDDB4}.Release|x86.Build.0 = Release|Any CPU
		{7A8E84A7-14D8-4E80-8687-5966B6791C52}.Debug|Any CPU.ActiveCfg = Debug|Any CPU
		{7A8E84A7-14D8-4E80-8687-5966B6791C52}.Debug|Any CPU.Build.0 = Debug|Any CPU
		{7A8E84A7-14D8-4E80-8687-5966B6791C52}.Debug|x64.ActiveCfg = Debug|Any CPU
		{7A8E84A7-14D8-4E80-8687-5966B6791C52}.Debug|x64.Build.0 = Debug|Any CPU
		{7A8E84A7-14D8-4E80-8687-5966B6791C52}.Debug|x86.ActiveCfg = Debug|Any CPU
		{7A8E84A7-14D8-4E80-8687-5966B6791C52}.Debug|x86.Build.0 = Debug|Any CPU
		{7A8E84A7-14D8-4E80-8687-5966B6791C52}.Release|Any CPU.ActiveCfg = Release|Any CPU
		{7A8E84A7-14D8-4E80-8687-5966B6791C52}.Release|Any CPU.Build.0 = Release|Any CPU
		{7A8E84A7-14D8-4E80-8687-5966B6791C52}.Release|x64.ActiveCfg = Release|Any CPU
		{7A8E84A7-14D8-4E80-8687-5966B6791C52}.Release|x64.Build.0 = Release|Any CPU
		{7A8E84A7-14D8-4E80-8687-5966B6791C52}.Release|x86.ActiveCfg = Release|Any CPU
		{7A8E84A7-14D8-4E80-8687-5966B6791C52}.Release|x86.Build.0 = Release|Any CPU
		{3C75FB97-F5A0-4D56-A0F1-324F0D219DB3}.Debug|Any CPU.ActiveCfg = Debug|Any CPU
		{3C75FB97-F5A0-4D56-A0F1-324F0D219DB3}.Debug|Any CPU.Build.0 = Debug|Any CPU
		{3C75FB97-F5A0-4D56-A0F1-324F0D219DB3}.Debug|x64.ActiveCfg = Debug|Any CPU
		{3C75FB97-F5A0-4D56-A0F1-324F0D219DB3}.Debug|x64.Build.0 = Debug|Any CPU
		{3C75FB97-F5A0-4D56-A0F1-324F0D219DB3}.Debug|x86.ActiveCfg = Debug|Any CPU
		{3C75FB97-F5A0-4D56-A0F1-324F0D219DB3}.Debug|x86.Build.0 = Debug|Any CPU
		{3C75FB97-F5A0-4D56-A0F1-324F0D219DB3}.Release|Any CPU.ActiveCfg = Release|Any CPU
		{3C75FB97-F5A0-4D56-A0F1-324F0D219DB3}.Release|Any CPU.Build.0 = Release|Any CPU
		{3C75FB97-F5A0-4D56-A0F1-324F0D219DB3}.Release|x64.ActiveCfg = Release|Any CPU
		{3C75FB97-F5A0-4D56-A0F1-324F0D219DB3}.Release|x64.Build.0 = Release|Any CPU
		{3C75FB97-F5A0-4D56-A0F1-324F0D219DB3}.Release|x86.ActiveCfg = Release|Any CPU
		{3C75FB97-F5A0-4D56-A0F1-324F0D219DB3}.Release|x86.Build.0 = Release|Any CPU
		{EA20D6BB-2983-4C91-B05B-6ECF856AFAF0}.Debug|Any CPU.ActiveCfg = Debug|Any CPU
		{EA20D6BB-2983-4C91-B05B-6ECF856AFAF0}.Debug|Any CPU.Build.0 = Debug|Any CPU
		{EA20D6BB-2983-4C91-B05B-6ECF856AFAF0}.Debug|x64.ActiveCfg = Debug|Any CPU
		{EA20D6BB-2983-4C91-B05B-6ECF856AFAF0}.Debug|x64.Build.0 = Debug|Any CPU
		{EA20D6BB-2983-4C91-B05B-6ECF856AFAF0}.Debug|x86.ActiveCfg = Debug|Any CPU
		{EA20D6BB-2983-4C91-B05B-6ECF856AFAF0}.Debug|x86.Build.0 = Debug|Any CPU
		{EA20D6BB-2983-4C91-B05B-6ECF856AFAF0}.Release|Any CPU.ActiveCfg = Release|Any CPU
		{EA20D6BB-2983-4C91-B05B-6ECF856AFAF0}.Release|Any CPU.Build.0 = Release|Any CPU
		{EA20D6BB-2983-4C91-B05B-6ECF856AFAF0}.Release|x64.ActiveCfg = Release|Any CPU
		{EA20D6BB-2983-4C91-B05B-6ECF856AFAF0}.Release|x64.Build.0 = Release|Any CPU
		{EA20D6BB-2983-4C91-B05B-6ECF856AFAF0}.Release|x86.ActiveCfg = Release|Any CPU
		{EA20D6BB-2983-4C91-B05B-6ECF856AFAF0}.Release|x86.Build.0 = Release|Any CPU
		{A043F05A-9A2A-48B4-8799-3A02A863E938}.Debug|Any CPU.ActiveCfg = Debug|Any CPU
		{A043F05A-9A2A-48B4-8799-3A02A863E938}.Debug|Any CPU.Build.0 = Debug|Any CPU
		{A043F05A-9A2A-48B4-8799-3A02A863E938}.Debug|x64.ActiveCfg = Debug|Any CPU
		{A043F05A-9A2A-48B4-8799-3A02A863E938}.Debug|x64.Build.0 = Debug|Any CPU
		{A043F05A-9A2A-48B4-8799-3A02A863E938}.Debug|x86.ActiveCfg = Debug|Any CPU
		{A043F05A-9A2A-48B4-8799-3A02A863E938}.Debug|x86.Build.0 = Debug|Any CPU
		{A043F05A-9A2A-48B4-8799-3A02A863E938}.Release|Any CPU.ActiveCfg = Release|Any CPU
		{A043F05A-9A2A-48B4-8799-3A02A863E938}.Release|Any CPU.Build.0 = Release|Any CPU
		{A043F05A-9A2A-48B4-8799-3A02A863E938}.Release|x64.ActiveCfg = Release|Any CPU
		{A043F05A-9A2A-48B4-8799-3A02A863E938}.Release|x64.Build.0 = Release|Any CPU
		{A043F05A-9A2A-48B4-8799-3A02A863E938}.Release|x86.ActiveCfg = Release|Any CPU
		{A043F05A-9A2A-48B4-8799-3A02A863E938}.Release|x86.Build.0 = Release|Any CPU
		{225956DB-6A20-4D06-8557-2B6F19111F54}.Debug|Any CPU.ActiveCfg = Debug|Any CPU
		{225956DB-6A20-4D06-8557-2B6F19111F54}.Debug|Any CPU.Build.0 = Debug|Any CPU
		{225956DB-6A20-4D06-8557-2B6F19111F54}.Debug|x64.ActiveCfg = Debug|Any CPU
		{225956DB-6A20-4D06-8557-2B6F19111F54}.Debug|x64.Build.0 = Debug|Any CPU
		{225956DB-6A20-4D06-8557-2B6F19111F54}.Debug|x86.ActiveCfg = Debug|Any CPU
		{225956DB-6A20-4D06-8557-2B6F19111F54}.Debug|x86.Build.0 = Debug|Any CPU
		{225956DB-6A20-4D06-8557-2B6F19111F54}.Release|Any CPU.ActiveCfg = Release|Any CPU
		{225956DB-6A20-4D06-8557-2B6F19111F54}.Release|Any CPU.Build.0 = Release|Any CPU
		{225956DB-6A20-4D06-8557-2B6F19111F54}.Release|x64.ActiveCfg = Release|Any CPU
		{225956DB-6A20-4D06-8557-2B6F19111F54}.Release|x64.Build.0 = Release|Any CPU
		{225956DB-6A20-4D06-8557-2B6F19111F54}.Release|x86.ActiveCfg = Release|Any CPU
		{225956DB-6A20-4D06-8557-2B6F19111F54}.Release|x86.Build.0 = Release|Any CPU
	EndGlobalSection
	GlobalSection(SolutionProperties) = preSolution
		HideSolutionNode = FALSE
	EndGlobalSection
	GlobalSection(NestedProjects) = preSolution
		{B3DD8945-BB24-4105-A867-489EE0C30454} = {827E0CD3-B72D-47B6-A68D-7590B98EB39B}
		{6EE503A3-6466-4702-9E22-1CE6546A938A} = {827E0CD3-B72D-47B6-A68D-7590B98EB39B}
		{A30BF7C4-0D99-4587-BA89-2157DEDC5A71} = {827E0CD3-B72D-47B6-A68D-7590B98EB39B}
		{16D70E6F-7833-43BA-B63D-84A56DACDDB4} = {827E0CD3-B72D-47B6-A68D-7590B98EB39B}
		{7A8E84A7-14D8-4E80-8687-5966B6791C52} = {827E0CD3-B72D-47B6-A68D-7590B98EB39B}
		{3C75FB97-F5A0-4D56-A0F1-324F0D219DB3} = {827E0CD3-B72D-47B6-A68D-7590B98EB39B}
		{EA20D6BB-2983-4C91-B05B-6ECF856AFAF0} = {827E0CD3-B72D-47B6-A68D-7590B98EB39B}
		{A043F05A-9A2A-48B4-8799-3A02A863E938} = {827E0CD3-B72D-47B6-A68D-7590B98EB39B}
		{225956DB-6A20-4D06-8557-2B6F19111F54} = {827E0CD3-B72D-47B6-A68D-7590B98EB39B}
	EndGlobalSection
EndGlobal
